
Microsoft Visual Studio Solution File, Format Version 12.00
# Visual Studio Version 17
VisualStudioVersion = 17.10.35004.147
MinimumVisualStudioVersion = 10.0.40219.1
Project("{FAE04EC0-301F-11D3-BF4B-00C04F79EFBC}") = "ДЗ. Циклы освоение", "ДЗ. Циклы освоение\ДЗ. Циклы освоение.csproj", "{C69FBF3C-2173-4828-85A7-25F178990D90}"
EndProject
Global
	GlobalSection(SolutionConfigurationPlatforms) = preSolution
		Debug|Any CPU = Debug|Any CPU
		Release|Any CPU = Release|Any CPU
	EndGlobalSection
	GlobalSection(ProjectConfigurationPlatforms) = postSolution
		{C69FBF3C-2173-4828-85A7-25F178990D90}.Debug|Any CPU.ActiveCfg = Debug|Any CPU
		{C69FBF3C-2173-4828-85A7-25F178990D90}.Debug|Any CPU.Build.0 = Debug|Any CPU
		{C69FBF3C-2173-4828-85A7-25F178990D90}.Release|Any CPU.ActiveCfg = Release|Any CPU
		{C69FBF3C-2173-4828-85A7-25F178990D90}.Release|Any CPU.Build.0 = Release|Any CPU
	EndGlobalSection
	GlobalSection(SolutionProperties) = preSolution
		HideSolutionNode = FALSE
	EndGlobalSection
	GlobalSection(ExtensibilityGlobals) = postSolution
		SolutionGuid = {4F2FBE38-2C6C-4057-9124-B0CB280AA848}
	EndGlobalSection
EndGlobal
